
Microsoft Visual Studio Solution File, Format Version 12.00
# Visual Studio Version 17
VisualStudioVersion = 17.5.33502.453
MinimumVisualStudioVersion = 10.0.40219.1
Project("{FAE04EC0-301F-11D3-BF4B-00C04F79EFBC}") = "DesignPatterns", "DesignPatterns.csproj", "{146980C7-5210-4F41-9040-A0CF022D17AA}"
EndProject
Global
	GlobalSection(SolutionConfigurationPlatforms) = preSolution
		Debug|Any CPU = Debug|Any CPU
		Release|Any CPU = Release|Any CPU
	EndGlobalSection
	GlobalSection(ProjectConfigurationPlatforms) = postSolution
		{146980C7-5210-4F41-9040-A0CF022D17AA}.Debug|Any CPU.ActiveCfg = Debug|Any CPU
		{146980C7-5210-4F41-9040-A0CF022D17AA}.Debug|Any CPU.Build.0 = Debug|Any CPU
		{146980C7-5210-4F41-9040-A0CF022D17AA}.Release|Any CPU.ActiveCfg = Release|Any CPU
		{146980C7-5210-4F41-9040-A0CF022D17AA}.Release|Any CPU.Build.0 = Release|Any CPU
	EndGlobalSection
	GlobalSection(SolutionProperties) = preSolution
		HideSolutionNode = FALSE
	EndGlobalSection
	GlobalSection(ExtensibilityGlobals) = postSolution
		SolutionGuid = {A4AF0242-30AF-4A49-8B73-380DF9CDB1AA}
	EndGlobalSection
EndGlobal
